
Microsoft Visual Studio Solution File, Format Version 12.00
# Visual Studio Version 17
VisualStudioVersion = 17.12.35527.113
MinimumVisualStudioVersion = 10.0.40219.1
Project("{FAE04EC0-301F-11D3-BF4B-00C04F79EFBC}") = "Knoeffel-cli", "Knoffel-cli\Knoeffel-cli.csproj", "{AE19F784-7FAC-4481-83DF-A431FB7713F1}"
EndProject
Project("{FAE04EC0-301F-11D3-BF4B-00C04F79EFBC}") = "Knoeffel-cliTests", "Knoffel-cliTests\Knoeffel-cliTests.csproj", "{A571ABAF-70BE-470E-B605-FA675C81BADE}"
EndProject
Global
	GlobalSection(SolutionConfigurationPlatforms) = preSolution
		Debug|Any CPU = Debug|Any CPU
		Release|Any CPU = Release|Any CPU
	EndGlobalSection
	GlobalSection(ProjectConfigurationPlatforms) = postSolution
		{AE19F784-7FAC-4481-83DF-A431FB7713F1}.Debug|Any CPU.ActiveCfg = Debug|Any CPU
		{AE19F784-7FAC-4481-83DF-A431FB7713F1}.Debug|Any CPU.Build.0 = Debug|Any CPU
		{AE19F784-7FAC-4481-83DF-A431FB7713F1}.Release|Any CPU.ActiveCfg = Release|Any CPU
		{AE19F784-7FAC-4481-83DF-A431FB7713F1}.Release|Any CPU.Build.0 = Release|Any CPU
		{A571ABAF-70BE-470E-B605-FA675C81BADE}.Debug|Any CPU.ActiveCfg = Debug|Any CPU
		{A571ABAF-70BE-470E-B605-FA675C81BADE}.Debug|Any CPU.Build.0 = Debug|Any CPU
		{A571ABAF-70BE-470E-B605-FA675C81BADE}.Release|Any CPU.ActiveCfg = Release|Any CPU
		{A571ABAF-70BE-470E-B605-FA675C81BADE}.Release|Any CPU.Build.0 = Release|Any CPU
	EndGlobalSection
	GlobalSection(SolutionProperties) = preSolution
		HideSolutionNode = FALSE
	EndGlobalSection
EndGlobal
